Microsoft Visual Studio Solution File, Format Version 11.00
# Visual Studio 2008

Project("{6008C99B-DC30-C1FF-3447-462401DFE221}") = "TCC Favela", "Assembly-CSharp.csproj", "{1D841B7E-AC0C-A7D1-45EB-54913C3DD5DD}"
EndProject
Project("{6008C99B-DC30-C1FF-3447-462401DFE221}") = "TCC Favela", "Assembly-UnityScript.unityproj", "{BD09C9FB-9166-E5DA-67A8-F954E4E4D291}"
EndProject
Global
	GlobalSection(SolutionConfigurationPlatforms) = preSolution
		Debug|Any CPU = Debug|Any CPU
		Release|Any CPU = Release|Any CPU
	EndGlobalSection
	GlobalSection(ProjectConfigurationPlatforms) = postSolution
		{1D841B7E-AC0C-A7D1-45EB-54913C3DD5DD}.Debug|Any CPU.ActiveCfg = Debug|Any CPU
		{1D841B7E-AC0C-A7D1-45EB-54913C3DD5DD}.Debug|Any CPU.Build.0 = Debug|Any CPU
		{1D841B7E-AC0C-A7D1-45EB-54913C3DD5DD}.Release|Any CPU.ActiveCfg = Release|Any CPU
		{1D841B7E-AC0C-A7D1-45EB-54913C3DD5DD}.Release|Any CPU.Build.0 = Release|Any CPU
		{BD09C9FB-9166-E5DA-67A8-F954E4E4D291}.Debug|Any CPU.ActiveCfg = Debug|Any CPU
		{BD09C9FB-9166-E5DA-67A8-F954E4E4D291}.Debug|Any CPU.Build.0 = Debug|Any CPU
		{BD09C9FB-9166-E5DA-67A8-F954E4E4D291}.Release|Any CPU.ActiveCfg = Release|Any CPU
		{BD09C9FB-9166-E5DA-67A8-F954E4E4D291}.Release|Any CPU.Build.0 = Release|Any CPU
	EndGlobalSection
	GlobalSection(SolutionProperties) = preSolution
		HideSolutionNode = FALSE
	EndGlobalSection
																																																								GlobalSection(MonoDevelopProperties) = preSolution
		StartupItem = Assembly-CSharp.csproj
		Policies = $0
		$0.TextStylePolicy = $1
		$1.inheritsSet = null
		$1.scope = text/x-csharp
		$0.CSharpFormattingPolicy = $2
		$2.inheritsSet = Mono
		$2.inheritsScope = text/x-csharp
		$2.scope = text/x-csharp
		$0.TextStylePolicy = $3
		$3.FileWidth = 120
		$3.TabWidth = 4
		$3.EolMarker = Unix
		$3.inheritsSet = Mono
		$3.inheritsScope = text/plain
		$3.scope = text/plain
	EndGlobalSection

EndGlobal
